
Microsoft Visual Studio Solution File, Format Version 12.00
# Visual Studio Version 16
VisualStudioVersion = 16.0.29613.14
MinimumVisualStudioVersion = 10.0.40219.1
Project("{9A19103F-16F7-4668-BE54-9A1E7A4F7556}") = "SmartHR_Web", "SmartHR\SmartHR_Web.csproj", "{A1940F35-0874-4879-950B-9C624DCFB41A}"
EndProject
Project("{9A19103F-16F7-4668-BE54-9A1E7A4F7556}") = "SmartHR_API", "SmartHR_API\SmartHR_API.csproj", "{B9959284-F7C8-4385-84D6-C08D2A9B8FC0}"
EndProject
Project("{9A19103F-16F7-4668-BE54-9A1E7A4F7556}") = "SmartHR_Models", "ClassLibrary1\SmartHR_Models.csproj", "{3C1F8A9A-3F5D-45C8-909A-A00864669972}"
EndProject
Project("{9A19103F-16F7-4668-BE54-9A1E7A4F7556}") = "SmartHR_Entities", "SmartHR_Entities\SmartHR_Entities.csproj", "{180BB185-B737-4E8C-A0A3-451DC3FC5A9D}"
EndProject
Project("{9A19103F-16F7-4668-BE54-9A1E7A4F7556}") = "SmartHR_Services", "SmartHR_Services\SmartHR_Services.csproj", "{050ED91D-0CD4-405E-BDE3-CCD6172D0522}"
EndProject
Project("{FAE04EC0-301F-11D3-BF4B-00C04F79EFBC}") = "SmartHR_Utilities", "SmartHR_Utilities\SmartHR_Utilities.csproj", "{4D078671-441A-4D50-8268-5B4423E4DDE7}"
EndProject
Project("{FAE04EC0-301F-11D3-BF4B-00C04F79EFBC}") = "SmartHR_WindowsService", "SmartHR_WindowsService\SmartHR_WindowsService.csproj", "{610A85DA-5EC3-4751-A178-DE56518DDB84}"
EndProject
Global
	GlobalSection(SolutionConfigurationPlatforms) = preSolution
		Debug|Any CPU = Debug|Any CPU
		Release|Any CPU = Release|Any CPU
	EndGlobalSection
	GlobalSection(ProjectConfigurationPlatforms) = postSolution
		{A1940F35-0874-4879-950B-9C624DCFB41A}.Debug|Any CPU.ActiveCfg = Debug|Any CPU
		{A1940F35-0874-4879-950B-9C624DCFB41A}.Debug|Any CPU.Build.0 = Debug|Any CPU
		{A1940F35-0874-4879-950B-9C624DCFB41A}.Release|Any CPU.ActiveCfg = Release|Any CPU
		{A1940F35-0874-4879-950B-9C624DCFB41A}.Release|Any CPU.Build.0 = Release|Any CPU
		{B9959284-F7C8-4385-84D6-C08D2A9B8FC0}.Debug|Any CPU.ActiveCfg = Debug|Any CPU
		{B9959284-F7C8-4385-84D6-C08D2A9B8FC0}.Debug|Any CPU.Build.0 = Debug|Any CPU
		{B9959284-F7C8-4385-84D6-C08D2A9B8FC0}.Release|Any CPU.ActiveCfg = Release|Any CPU
		{B9959284-F7C8-4385-84D6-C08D2A9B8FC0}.Release|Any CPU.Build.0 = Release|Any CPU
		{3C1F8A9A-3F5D-45C8-909A-A00864669972}.Debug|Any CPU.ActiveCfg = Debug|Any CPU
		{3C1F8A9A-3F5D-45C8-909A-A00864669972}.Debug|Any CPU.Build.0 = Debug|Any CPU
		{3C1F8A9A-3F5D-45C8-909A-A00864669972}.Release|Any CPU.ActiveCfg = Release|Any CPU
		{3C1F8A9A-3F5D-45C8-909A-A00864669972}.Release|Any CPU.Build.0 = Release|Any CPU
		{180BB185-B737-4E8C-A0A3-451DC3FC5A9D}.Debug|Any CPU.ActiveCfg = Debug|Any CPU
		{180BB185-B737-4E8C-A0A3-451DC3FC5A9D}.Debug|Any CPU.Build.0 = Debug|Any CPU
		{180BB185-B737-4E8C-A0A3-451DC3FC5A9D}.Release|Any CPU.ActiveCfg = Release|Any CPU
		{180BB185-B737-4E8C-A0A3-451DC3FC5A9D}.Release|Any CPU.Build.0 = Release|Any CPU
		{050ED91D-0CD4-405E-BDE3-CCD6172D0522}.Debug|Any CPU.ActiveCfg = Debug|Any CPU
		{050ED91D-0CD4-405E-BDE3-CCD6172D0522}.Debug|Any CPU.Build.0 = Debug|Any CPU
		{050ED91D-0CD4-405E-BDE3-CCD6172D0522}.Release|Any CPU.ActiveCfg = Release|Any CPU
		{050ED91D-0CD4-405E-BDE3-CCD6172D0522}.Release|Any CPU.Build.0 = Release|Any CPU
		{4D078671-441A-4D50-8268-5B4423E4DDE7}.Debug|Any CPU.ActiveCfg = Debug|Any CPU
		{4D078671-441A-4D50-8268-5B4423E4DDE7}.Debug|Any CPU.Build.0 = Debug|Any CPU
		{4D078671-441A-4D50-8268-5B4423E4DDE7}.Release|Any CPU.ActiveCfg = Release|Any CPU
		{4D078671-441A-4D50-8268-5B4423E4DDE7}.Release|Any CPU.Build.0 = Release|Any CPU
		{610A85DA-5EC3-4751-A178-DE56518DDB84}.Debug|Any CPU.ActiveCfg = Debug|Any CPU
		{610A85DA-5EC3-4751-A178-DE56518DDB84}.Debug|Any CPU.Build.0 = Debug|Any CPU
		{610A85DA-5EC3-4751-A178-DE56518DDB84}.Release|Any CPU.ActiveCfg = Release|Any CPU
		{610A85DA-5EC3-4751-A178-DE56518DDB84}.Release|Any CPU.Build.0 = Release|Any CPU
	EndGlobalSection
	GlobalSection(SolutionProperties) = preSolution
		HideSolutionNode = FALSE
	EndGlobalSection
	GlobalSection(ExtensibilityGlobals) = postSolution
		SolutionGuid = {D5A9A163-0CF4-48CD-B5EE-FE6439EC5BDB}
	EndGlobalSection
EndGlobal
